// !$*UTF8*$!
{
	archiveVersion = 1;
	classes = {
	};
	objectVersion = 56;
	objects = {

/* Begin PBXBuildFile section */
		4A97A3709A51CD1FFD2D72D6 /* Pods_UIKitDesignLibrary_UIKitDesignLibraryUITests.framework in Frameworks */ = {isa = PBXBuildFile; fileRef = DBD6B62CC9F4FB8D7D0258C6 /* Pods_UIKitDesignLibrary_UIKitDesignLibraryUITests.framework */; };
		6893F4072BC9622A00A958D6 /* AppDelegate.swift in Sources */ = {isa = PBXBuildFile; fileRef = 6893F4062BC9622A00A958D6 /* AppDelegate.swift */; };
		6893F4092BC9622A00A958D6 /* SceneDelegate.swift in Sources */ = {isa = PBXBuildFile; fileRef = 6893F4082BC9622A00A958D6 /* SceneDelegate.swift */; };
		6893F4102BC9622C00A958D6 /* Assets.xcassets in Resources */ = {isa = PBXBuildFile; fileRef = 6893F40F2BC9622C00A958D6 /* Assets.xcassets */; };
		6893F4132BC9622C00A958D6 /* LaunchScreen.storyboard in Resources */ = {isa = PBXBuildFile; fileRef = 6893F4112BC9622C00A958D6 /* LaunchScreen.storyboard */; };
		6893F41E2BC9622C00A958D6 /* UIKitDesignLibraryTests.swift in Sources */ = {isa = PBXBuildFile; fileRef = 6893F41D2BC9622C00A958D6 /* UIKitDesignLibraryTests.swift */; };
		6893F4282BC9622C00A958D6 /* UIKitDesignLibraryUITests.swift in Sources */ = {isa = PBXBuildFile; fileRef = 6893F4272BC9622C00A958D6 /* UIKitDesignLibraryUITests.swift */; };
		6893F42A2BC9622C00A958D6 /* UIKitDesignLibraryUITestsLaunchTests.swift in Sources */ = {isa = PBXBuildFile; fileRef = 6893F4292BC9622C00A958D6 /* UIKitDesignLibraryUITestsLaunchTests.swift */; };
		6893F43D2BC962D400A958D6 /* AppRouter.swift in Sources */ = {isa = PBXBuildFile; fileRef = 6893F4382BC962D400A958D6 /* AppRouter.swift */; };
		6893F43E2BC962D400A958D6 /* AppConstants.swift in Sources */ = {isa = PBXBuildFile; fileRef = 6893F43A2BC962D400A958D6 /* AppConstants.swift */; };
		6893F4532BC962F100A958D6 /* ViperPresenter.swift in Sources */ = {isa = PBXBuildFile; fileRef = 6893F4452BC962F100A958D6 /* ViperPresenter.swift */; };
		6893F4542BC962F100A958D6 /* ViperBuilder.swift in Sources */ = {isa = PBXBuildFile; fileRef = 6893F4462BC962F100A958D6 /* ViperBuilder.swift */; };
		6893F4552BC962F100A958D6 /* ViperRouter.swift in Sources */ = {isa = PBXBuildFile; fileRef = 6893F4472BC962F100A958D6 /* ViperRouter.swift */; };
		6893F4562BC962F100A958D6 /* ViperInteractor.swift in Sources */ = {isa = PBXBuildFile; fileRef = 6893F4482BC962F100A958D6 /* ViperInteractor.swift */; };
		6893F4572BC962F100A958D6 /* ViperView.swift in Sources */ = {isa = PBXBuildFile; fileRef = 6893F4492BC962F100A958D6 /* ViperView.swift */; };
		6893F4582BC962F100A958D6 /* ViperViewEventHandler.swift in Sources */ = {isa = PBXBuildFile; fileRef = 6893F44A2BC962F100A958D6 /* ViperViewEventHandler.swift */; };
		6893F4592BC962F100A958D6 /* UIViewController+ViperRouter.swift in Sources */ = {isa = PBXBuildFile; fileRef = 6893F44B2BC962F100A958D6 /* UIViewController+ViperRouter.swift */; };
		6893F45A2BC962F100A958D6 /* ViperWireframe.swift in Sources */ = {isa = PBXBuildFile; fileRef = 6893F44C2BC962F100A958D6 /* ViperWireframe.swift */; };
		6893F45B2BC962F100A958D6 /* FlickrSearchResults.swift in Sources */ = {isa = PBXBuildFile; fileRef = 6893F44F2BC962F100A958D6 /* FlickrSearchResults.swift */; };
		6893F45C2BC962F100A958D6 /* FlickrPhoto.swift in Sources */ = {isa = PBXBuildFile; fileRef = 6893F4502BC962F100A958D6 /* FlickrPhoto.swift */; };
		6893F45D2BC962F100A958D6 /* Flickr.swift in Sources */ = {isa = PBXBuildFile; fileRef = 6893F4512BC962F100A958D6 /* Flickr.swift */; };
		6893F47E2BC9630400A958D6 /* TimeLineView.swift in Sources */ = {isa = PBXBuildFile; fileRef = 6893F4612BC9630400A958D6 /* TimeLineView.swift */; };
		6893F47F2BC9630400A958D6 /* TriangleView.swift in Sources */ = {isa = PBXBuildFile; fileRef = 6893F4632BC9630400A958D6 /* TriangleView.swift */; };
		6893F4802BC9630400A958D6 /* GridPhotosViewController.swift in Sources */ = {isa = PBXBuildFile; fileRef = 6893F4652BC9630400A958D6 /* GridPhotosViewController.swift */; };
		6893F4812BC9630400A958D6 /* GridPhotoCell.swift in Sources */ = {isa = PBXBuildFile; fileRef = 6893F4662BC9630400A958D6 /* GridPhotoCell.swift */; };
		6893F4822BC9630400A958D6 /* BubbleView.swift in Sources */ = {isa = PBXBuildFile; fileRef = 6893F4682BC9630400A958D6 /* BubbleView.swift */; };
		6893F4832BC9630400A958D6 /* GridPhotoWithInteractCell.swift in Sources */ = {isa = PBXBuildFile; fileRef = 6893F46A2BC9630400A958D6 /* GridPhotoWithInteractCell.swift */; };
		6893F4842BC9630400A958D6 /* GridPhotosWithInteractViewController.swift in Sources */ = {isa = PBXBuildFile; fileRef = 6893F46B2BC9630400A958D6 /* GridPhotosWithInteractViewController.swift */; };
		6893F4852BC9630400A958D6 /* MyCategoryView.swift in Sources */ = {isa = PBXBuildFile; fileRef = 6893F46D2BC9630400A958D6 /* MyCategoryView.swift */; };
		6893F4862BC9630400A958D6 /* CarouselCardView.swift in Sources */ = {isa = PBXBuildFile; fileRef = 6893F46F2BC9630400A958D6 /* CarouselCardView.swift */; };
		68E229BE2BD6B9E800A37EDA /* DesignCodeAppHomePageRouter.swift in Sources */ = {isa = PBXBuildFile; fileRef = 68E229AE2BD6B9E800A37EDA /* DesignCodeAppHomePageRouter.swift */; };
		68E229BF2BD6B9E800A37EDA /* DesignCodeAppHomePagePresenter.swift in Sources */ = {isa = PBXBuildFile; fileRef = 68E229B02BD6B9E800A37EDA /* DesignCodeAppHomePagePresenter.swift */; };
		68E229C02BD6B9E800A37EDA /* DesignCodeAppHomePageWireframe.swift in Sources */ = {isa = PBXBuildFile; fileRef = 68E229B22BD6B9E800A37EDA /* DesignCodeAppHomePageWireframe.swift */; };
		68E229C22BD6B9E800A37EDA /* DesignCodeAppHomePageViewDataSource.swift in Sources */ = {isa = PBXBuildFile; fileRef = 68E229B52BD6B9E800A37EDA /* DesignCodeAppHomePageViewDataSource.swift */; };
		68E229C42BD6B9E800A37EDA /* DesignCodeAppHomePageViewController.swift in Sources */ = {isa = PBXBuildFile; fileRef = 68E229B72BD6B9E800A37EDA /* DesignCodeAppHomePageViewController.swift */; };
		68E229C52BD6B9E800A37EDA /* DesignCodeAppHomePageViewEventHandler.swift in Sources */ = {isa = PBXBuildFile; fileRef = 68E229B82BD6B9E800A37EDA /* DesignCodeAppHomePageViewEventHandler.swift */; };
		68E229C62BD6B9E800A37EDA /* DesignCodeAppHomePageBuilder.swift in Sources */ = {isa = PBXBuildFile; fileRef = 68E229B92BD6B9E800A37EDA /* DesignCodeAppHomePageBuilder.swift */; };
		68E229C82BD6B9E800A37EDA /* DesignCodeAppHomePageInteractor.swift in Sources */ = {isa = PBXBuildFile; fileRef = 68E229BC2BD6B9E800A37EDA /* DesignCodeAppHomePageInteractor.swift */; };
		68E229C92BD6B9E800A37EDA /* DesignCodeAppHomePageDataSource.swift in Sources */ = {isa = PBXBuildFile; fileRef = 68E229BD2BD6B9E800A37EDA /* DesignCodeAppHomePageDataSource.swift */; };
		68E229CB2BD76DAC00A37EDA /* HeroView.swift in Sources */ = {isa = PBXBuildFile; fileRef = 68E229CA2BD76DAC00A37EDA /* HeroView.swift */; };
		68E229CD2BD76DBA00A37EDA /* BookView.swift in Sources */ = {isa = PBXBuildFile; fileRef = 68E229CC2BD76DBA00A37EDA /* BookView.swift */; };
		6AA4D5C3A68035F11BCA6BC0 /* Pods_UIKitDesignLibraryTests.framework in Frameworks */ = {isa = PBXBuildFile; fileRef = A052787D92CFA0ED682B9847 /* Pods_UIKitDesignLibraryTests.framework */; };
		C74194CEB2269DC47CC5F0E6 /* Pods_UIKitDesignLibrary.framework in Frameworks */ = {isa = PBXBuildFile; fileRef = 30DFF7B20D538388B60D44FF /* Pods_UIKitDesignLibrary.framework */; };
/* End PBXBuildFile section */

/* Begin PBXContainerItemProxy section */
		6893F41A2BC9622C00A958D6 /* PBXContainerItemProxy */ = {
			isa = PBXContainerItemProxy;
			containerPortal = 6893F3FB2BC9622A00A958D6 /* Project object */;
			proxyType = 1;
			remoteGlobalIDString = 6893F4022BC9622A00A958D6;
			remoteInfo = UIKitDesignLibrary;
		};
		6893F4242BC9622C00A958D6 /* PBXContainerItemProxy */ = {
			isa = PBXContainerItemProxy;
			containerPortal = 6893F3FB2BC9622A00A958D6 /* Project object */;
			proxyType = 1;
			remoteGlobalIDString = 6893F4022BC9622A00A958D6;
			remoteInfo = UIKitDesignLibrary;
		};
/* End PBXContainerItemProxy section */

/* Begin PBXFileReference section */
		30DFF7B20D538388B60D44FF /* Pods_UIKitDesignLibrary.framework */ = {isa = PBXFileReference; explicitFileType = wrapper.framework; includeInIndex = 0; path = Pods_UIKitDesignLibrary.framework; sourceTree = BUILT_PRODUCTS_DIR; };
		6893F4032BC9622A00A958D6 /* UIKitDesignLibrary.app */ = {isa = PBXFileReference; explicitFileType = wrapper.application; includeInIndex = 0; path = UIKitDesignLibrary.app; sourceTree = BUILT_PRODUCTS_DIR; };
		6893F4062BC9622A00A958D6 /* AppDelegate.swift */ = {isa = PBXFileReference; lastKnownFileType = sourcecode.swift; path = AppDelegate.swift; sourceTree = "<group>"; };
		6893F4082BC9622A00A958D6 /* SceneDelegate.swift */ = {isa = PBXFileReference; lastKnownFileType = sourcecode.swift; path = SceneDelegate.swift; sourceTree = "<group>"; };
		6893F40F2BC9622C00A958D6 /* Assets.xcassets */ = {isa = PBXFileReference; lastKnownFileType = folder.assetcatalog; path = Assets.xcassets; sourceTree = "<group>"; };
		6893F4122BC9622C00A958D6 /* Base */ = {isa = PBXFileReference; lastKnownFileType = file.storyboard; name = Base; path = Base.lproj/LaunchScreen.storyboard; sourceTree = "<group>"; };
		6893F4142BC9622C00A958D6 /* Info.plist */ = {isa = PBXFileReference; lastKnownFileType = text.plist.xml; path = Info.plist; sourceTree = "<group>"; };
		6893F4192BC9622C00A958D6 /* UIKitDesignLibraryTests.xctest */ = {isa = PBXFileReference; explicitFileType = wrapper.cfbundle; includeInIndex = 0; path = UIKitDesignLibraryTests.xctest; sourceTree = BUILT_PRODUCTS_DIR; };
		6893F41D2BC9622C00A958D6 /* UIKitDesignLibraryTests.swift */ = {isa = PBXFileReference; lastKnownFileType = sourcecode.swift; path = UIKitDesignLibraryTests.swift; sourceTree = "<group>"; };
		6893F4232BC9622C00A958D6 /* UIKitDesignLibraryUITests.xctest */ = {isa = PBXFileReference; explicitFileType = wrapper.cfbundle; includeInIndex = 0; path = UIKitDesignLibraryUITests.xctest; sourceTree = BUILT_PRODUCTS_DIR; };
		6893F4272BC9622C00A958D6 /* UIKitDesignLibraryUITests.swift */ = {isa = PBXFileReference; lastKnownFileType = sourcecode.swift; path = UIKitDesignLibraryUITests.swift; sourceTree = "<group>"; };
		6893F4292BC9622C00A958D6 /* UIKitDesignLibraryUITestsLaunchTests.swift */ = {isa = PBXFileReference; lastKnownFileType = sourcecode.swift; path = UIKitDesignLibraryUITestsLaunchTests.swift; sourceTree = "<group>"; };
		6893F4382BC962D400A958D6 /* AppRouter.swift */ = {isa = PBXFileReference; fileEncoding = 4; lastKnownFileType = sourcecode.swift; path = AppRouter.swift; sourceTree = "<group>"; };
		6893F43A2BC962D400A958D6 /* AppConstants.swift */ = {isa = PBXFileReference; fileEncoding = 4; lastKnownFileType = sourcecode.swift; path = AppConstants.swift; sourceTree = "<group>"; };
		6893F4452BC962F100A958D6 /* ViperPresenter.swift */ = {isa = PBXFileReference; fileEncoding = 4; lastKnownFileType = sourcecode.swift; path = ViperPresenter.swift; sourceTree = "<group>"; };
		6893F4462BC962F100A958D6 /* ViperBuilder.swift */ = {isa = PBXFileReference; fileEncoding = 4; lastKnownFileType = sourcecode.swift; path = ViperBuilder.swift; sourceTree = "<group>"; };
		6893F4472BC962F100A958D6 /* ViperRouter.swift */ = {isa = PBXFileReference; fileEncoding = 4; lastKnownFileType = sourcecode.swift; path = ViperRouter.swift; sourceTree = "<group>"; };
		6893F4482BC962F100A958D6 /* ViperInteractor.swift */ = {isa = PBXFileReference; fileEncoding = 4; lastKnownFileType = sourcecode.swift; path = ViperInteractor.swift; sourceTree = "<group>"; };
		6893F4492BC962F100A958D6 /* ViperView.swift */ = {isa = PBXFileReference; fileEncoding = 4; lastKnownFileType = sourcecode.swift; path = ViperView.swift; sourceTree = "<group>"; };
		6893F44A2BC962F100A958D6 /* ViperViewEventHandler.swift */ = {isa = PBXFileReference; fileEncoding = 4; lastKnownFileType = sourcecode.swift; path = ViperViewEventHandler.swift; sourceTree = "<group>"; };
		6893F44B2BC962F100A958D6 /* UIViewController+ViperRouter.swift */ = {isa = PBXFileReference; fileEncoding = 4; lastKnownFileType = sourcecode.swift; path = "UIViewController+ViperRouter.swift"; sourceTree = "<group>"; };
		6893F44C2BC962F100A958D6 /* ViperWireframe.swift */ = {isa = PBXFileReference; fileEncoding = 4; lastKnownFileType = sourcecode.swift; path = ViperWireframe.swift; sourceTree = "<group>"; };
		6893F44F2BC962F100A958D6 /* FlickrSearchResults.swift */ = {isa = PBXFileReference; fileEncoding = 4; lastKnownFileType = sourcecode.swift; path = FlickrSearchResults.swift; sourceTree = "<group>"; };
		6893F4502BC962F100A958D6 /* FlickrPhoto.swift */ = {isa = PBXFileReference; fileEncoding = 4; lastKnownFileType = sourcecode.swift; path = FlickrPhoto.swift; sourceTree = "<group>"; };
		6893F4512BC962F100A958D6 /* Flickr.swift */ = {isa = PBXFileReference; fileEncoding = 4; lastKnownFileType = sourcecode.swift; path = Flickr.swift; sourceTree = "<group>"; };
		6893F4612BC9630400A958D6 /* TimeLineView.swift */ = {isa = PBXFileReference; fileEncoding = 4; lastKnownFileType = sourcecode.swift; path = TimeLineView.swift; sourceTree = "<group>"; };
		6893F4632BC9630400A958D6 /* TriangleView.swift */ = {isa = PBXFileReference; fileEncoding = 4; lastKnownFileType = sourcecode.swift; path = TriangleView.swift; sourceTree = "<group>"; };
		6893F4652BC9630400A958D6 /* GridPhotosViewController.swift */ = {isa = PBXFileReference; fileEncoding = 4; lastKnownFileType = sourcecode.swift; path = GridPhotosViewController.swift; sourceTree = "<group>"; };
		6893F4662BC9630400A958D6 /* GridPhotoCell.swift */ = {isa = PBXFileReference; fileEncoding = 4; lastKnownFileType = sourcecode.swift; path = GridPhotoCell.swift; sourceTree = "<group>"; };
		6893F4682BC9630400A958D6 /* BubbleView.swift */ = {isa = PBXFileReference; fileEncoding = 4; lastKnownFileType = sourcecode.swift; path = BubbleView.swift; sourceTree = "<group>"; };
		6893F46A2BC9630400A958D6 /* GridPhotoWithInteractCell.swift */ = {isa = PBXFileReference; fileEncoding = 4; lastKnownFileType = sourcecode.swift; path = GridPhotoWithInteractCell.swift; sourceTree = "<group>"; };
		6893F46B2BC9630400A958D6 /* GridPhotosWithInteractViewController.swift */ = {isa = PBXFileReference; fileEncoding = 4; lastKnownFileType = sourcecode.swift; path = GridPhotosWithInteractViewController.swift; sourceTree = "<group>"; };
		6893F46D2BC9630400A958D6 /* MyCategoryView.swift */ = {isa = PBXFileReference; fileEncoding = 4; lastKnownFileType = sourcecode.swift; path = MyCategoryView.swift; sourceTree = "<group>"; };
		6893F46F2BC9630400A958D6 /* CarouselCardView.swift */ = {isa = PBXFileReference; fileEncoding = 4; lastKnownFileType = sourcecode.swift; path = CarouselCardView.swift; sourceTree = "<group>"; };
		68E229AE2BD6B9E800A37EDA /* DesignCodeAppHomePageRouter.swift */ = {isa = PBXFileReference; fileEncoding = 4; lastKnownFileType = sourcecode.swift; path = DesignCodeAppHomePageRouter.swift; sourceTree = "<group>"; };
		68E229B02BD6B9E800A37EDA /* DesignCodeAppHomePagePresenter.swift */ = {isa = PBXFileReference; fileEncoding = 4; lastKnownFileType = sourcecode.swift; path = DesignCodeAppHomePagePresenter.swift; sourceTree = "<group>"; };
		68E229B22BD6B9E800A37EDA /* DesignCodeAppHomePageWireframe.swift */ = {isa = PBXFileReference; fileEncoding = 4; lastKnownFileType = sourcecode.swift; path = DesignCodeAppHomePageWireframe.swift; sourceTree = "<group>"; };
		68E229B52BD6B9E800A37EDA /* DesignCodeAppHomePageViewDataSource.swift */ = {isa = PBXFileReference; fileEncoding = 4; lastKnownFileType = sourcecode.swift; path = DesignCodeAppHomePageViewDataSource.swift; sourceTree = "<group>"; };
		68E229B72BD6B9E800A37EDA /* DesignCodeAppHomePageViewController.swift */ = {isa = PBXFileReference; fileEncoding = 4; lastKnownFileType = sourcecode.swift; path = DesignCodeAppHomePageViewController.swift; sourceTree = "<group>"; };
		68E229B82BD6B9E800A37EDA /* DesignCodeAppHomePageViewEventHandler.swift */ = {isa = PBXFileReference; fileEncoding = 4; lastKnownFileType = sourcecode.swift; path = DesignCodeAppHomePageViewEventHandler.swift; sourceTree = "<group>"; };
		68E229B92BD6B9E800A37EDA /* DesignCodeAppHomePageBuilder.swift */ = {isa = PBXFileReference; fileEncoding = 4; lastKnownFileType = sourcecode.swift; path = DesignCodeAppHomePageBuilder.swift; sourceTree = "<group>"; };
		68E229BC2BD6B9E800A37EDA /* DesignCodeAppHomePageInteractor.swift */ = {isa = PBXFileReference; fileEncoding = 4; lastKnownFileType = sourcecode.swift; path = DesignCodeAppHomePageInteractor.swift; sourceTree = "<group>"; };
		68E229BD2BD6B9E800A37EDA /* DesignCodeAppHomePageDataSource.swift */ = {isa = PBXFileReference; fileEncoding = 4; lastKnownFileType = sourcecode.swift; path = DesignCodeAppHomePageDataSource.swift; sourceTree = "<group>"; };
		68E229CA2BD76DAC00A37EDA /* HeroView.swift */ = {isa = PBXFileReference; lastKnownFileType = sourcecode.swift; path = HeroView.swift; sourceTree = "<group>"; };
		68E229CC2BD76DBA00A37EDA /* BookView.swift */ = {isa = PBXFileReference; lastKnownFileType = sourcecode.swift; path = BookView.swift; sourceTree = "<group>"; };
		92B83528D811DBF85508B635 /* Pods-UIKitDesignLibraryTests.release.xcconfig */ = {isa = PBXFileReference; includeInIndex = 1; lastKnownFileType = text.xcconfig; name = "Pods-UIKitDesignLibraryTests.release.xcconfig"; path = "Target Support Files/Pods-UIKitDesignLibraryTests/Pods-UIKitDesignLibraryTests.release.xcconfig"; sourceTree = "<group>"; };
		A052787D92CFA0ED682B9847 /* Pods_UIKitDesignLibraryTests.framework */ = {isa = PBXFileReference; explicitFileType = wrapper.framework; includeInIndex = 0; path = Pods_UIKitDesignLibraryTests.framework; sourceTree = BUILT_PRODUCTS_DIR; };
		ABF2190AE2A1FE264AEB6C05 /* Pods-UIKitDesignLibrary.release.xcconfig */ = {isa = PBXFileReference; includeInIndex = 1; lastKnownFileType = text.xcconfig; name = "Pods-UIKitDesignLibrary.release.xcconfig"; path = "Target Support Files/Pods-UIKitDesignLibrary/Pods-UIKitDesignLibrary.release.xcconfig"; sourceTree = "<group>"; };
		AE69D00BCE61742585FBFF61 /* Pods-UIKitDesignLibrary.debug.xcconfig */ = {isa = PBXFileReference; includeInIndex = 1; lastKnownFileType = text.xcconfig; name = "Pods-UIKitDesignLibrary.debug.xcconfig"; path = "Target Support Files/Pods-UIKitDesignLibrary/Pods-UIKitDesignLibrary.debug.xcconfig"; sourceTree = "<group>"; };
		DBD6B62CC9F4FB8D7D0258C6 /* Pods_UIKitDesignLibrary_UIKitDesignLibraryUITests.framework */ = {isa = PBXFileReference; explicitFileType = wrapper.framework; includeInIndex = 0; path = Pods_UIKitDesignLibrary_UIKitDesignLibraryUITests.framework; sourceTree = BUILT_PRODUCTS_DIR; };
		E580C1AF056300718DB7EEA6 /* Pods-UIKitDesignLibraryTests.debug.xcconfig */ = {isa = PBXFileReference; includeInIndex = 1; lastKnownFileType = text.xcconfig; name = "Pods-UIKitDesignLibraryTests.debug.xcconfig"; path = "Target Support Files/Pods-UIKitDesignLibraryTests/Pods-UIKitDesignLibraryTests.debug.xcconfig"; sourceTree = "<group>"; };
		ECC5D343E4D4315D27033F87 /* Pods-UIKitDesignLibrary-UIKitDesignLibraryUITests.debug.xcconfig */ = {isa = PBXFileReference; includeInIndex = 1; lastKnownFileType = text.xcconfig; name = "Pods-UIKitDesignLibrary-UIKitDesignLibraryUITests.debug.xcconfig"; path = "Target Support Files/Pods-UIKitDesignLibrary-UIKitDesignLibraryUITests/Pods-UIKitDesignLibrary-UIKitDesignLibraryUITests.debug.xcconfig"; sourceTree = "<group>"; };
		F9157F3651EB1E0BA268236A /* Pods-UIKitDesignLibrary-UIKitDesignLibraryUITests.release.xcconfig */ = {isa = PBXFileReference; includeInIndex = 1; lastKnownFileType = text.xcconfig; name = "Pods-UIKitDesignLibrary-UIKitDesignLibraryUITests.release.xcconfig"; path = "Target Support Files/Pods-UIKitDesignLibrary-UIKitDesignLibraryUITests/Pods-UIKitDesignLibrary-UIKitDesignLibraryUITests.release.xcconfig"; sourceTree = "<group>"; };
/* End PBXFileReference section */

/* Begin PBXFrameworksBuildPhase section */
		6893F4002BC9622A00A958D6 /* Frameworks */ = {
			isa = PBXFrameworksBuildPhase;
			buildActionMask = 2147483647;
			files = (
				C74194CEB2269DC47CC5F0E6 /* Pods_UIKitDesignLibrary.framework in Frameworks */,
			);
			runOnlyForDeploymentPostprocessing = 0;
		};
		6893F4162BC9622C00A958D6 /* Frameworks */ = {
			isa = PBXFrameworksBuildPhase;
			buildActionMask = 2147483647;
			files = (
				6AA4D5C3A68035F11BCA6BC0 /* Pods_UIKitDesignLibraryTests.framework in Frameworks */,
			);
			runOnlyForDeploymentPostprocessing = 0;
		};
		6893F4202BC9622C00A958D6 /* Frameworks */ = {
			isa = PBXFrameworksBuildPhase;
			buildActionMask = 2147483647;
			files = (
				4A97A3709A51CD1FFD2D72D6 /* Pods_UIKitDesignLibrary_UIKitDesignLibraryUITests.framework in Frameworks */,
			);
			runOnlyForDeploymentPostprocessing = 0;
		};
/* End PBXFrameworksBuildPhase section */

/* Begin PBXGroup section */
		2F53D82840D076DCF13E7CD7 /* Pods */ = {
			isa = PBXGroup;
			children = (
				AE69D00BCE61742585FBFF61 /* Pods-UIKitDesignLibrary.debug.xcconfig */,
				ABF2190AE2A1FE264AEB6C05 /* Pods-UIKitDesignLibrary.release.xcconfig */,
				ECC5D343E4D4315D27033F87 /* Pods-UIKitDesignLibrary-UIKitDesignLibraryUITests.debug.xcconfig */,
				F9157F3651EB1E0BA268236A /* Pods-UIKitDesignLibrary-UIKitDesignLibraryUITests.release.xcconfig */,
				E580C1AF056300718DB7EEA6 /* Pods-UIKitDesignLibraryTests.debug.xcconfig */,
				92B83528D811DBF85508B635 /* Pods-UIKitDesignLibraryTests.release.xcconfig */,
			);
			path = Pods;
			sourceTree = "<group>";
		};
		5BFF8B7C08F3A9B9285F5EB8 /* Frameworks */ = {
			isa = PBXGroup;
			children = (
				30DFF7B20D538388B60D44FF /* Pods_UIKitDesignLibrary.framework */,
				DBD6B62CC9F4FB8D7D0258C6 /* Pods_UIKitDesignLibrary_UIKitDesignLibraryUITests.framework */,
				A052787D92CFA0ED682B9847 /* Pods_UIKitDesignLibraryTests.framework */,
			);
			name = Frameworks;
			sourceTree = "<group>";
		};
		6893F3FA2BC9622A00A958D6 = {
			isa = PBXGroup;
			children = (
				6893F4052BC9622A00A958D6 /* UIKitDesignLibrary */,
				6893F41C2BC9622C00A958D6 /* UIKitDesignLibraryTests */,
				6893F4262BC9622C00A958D6 /* UIKitDesignLibraryUITests */,
				6893F4042BC9622A00A958D6 /* Products */,
				2F53D82840D076DCF13E7CD7 /* Pods */,
				5BFF8B7C08F3A9B9285F5EB8 /* Frameworks */,
			);
			sourceTree = "<group>";
		};
		6893F4042BC9622A00A958D6 /* Products */ = {
			isa = PBXGroup;
			children = (
				6893F4032BC9622A00A958D6 /* UIKitDesignLibrary.app */,
				6893F4192BC9622C00A958D6 /* UIKitDesignLibraryTests.xctest */,
				6893F4232BC9622C00A958D6 /* UIKitDesignLibraryUITests.xctest */,
			);
			name = Products;
			sourceTree = "<group>";
		};
		6893F4052BC9622A00A958D6 /* UIKitDesignLibrary */ = {
			isa = PBXGroup;
			children = (
				6893F45E2BC9630400A958D6 /* Modules */,
				6893F4412BC962F100A958D6 /* Common */,
				6893F4372BC962D400A958D6 /* Application */,
				6893F40F2BC9622C00A958D6 /* Assets.xcassets */,
				6893F4142BC9622C00A958D6 /* Info.plist */,
			);
			path = UIKitDesignLibrary;
			sourceTree = "<group>";
		};
		6893F41C2BC9622C00A958D6 /* UIKitDesignLibraryTests */ = {
			isa = PBXGroup;
			children = (
				6893F41D2BC9622C00A958D6 /* UIKitDesignLibraryTests.swift */,
			);
			path = UIKitDesignLibraryTests;
			sourceTree = "<group>";
		};
		6893F4262BC9622C00A958D6 /* UIKitDesignLibraryUITests */ = {
			isa = PBXGroup;
			children = (
				6893F4272BC9622C00A958D6 /* UIKitDesignLibraryUITests.swift */,
				6893F4292BC9622C00A958D6 /* UIKitDesignLibraryUITestsLaunchTests.swift */,
			);
			path = UIKitDesignLibraryUITests;
			sourceTree = "<group>";
		};
		6893F4372BC962D400A958D6 /* Application */ = {
			isa = PBXGroup;
			children = (
				6893F4112BC9622C00A958D6 /* LaunchScreen.storyboard */,
				6893F4082BC9622A00A958D6 /* SceneDelegate.swift */,
				6893F4062BC9622A00A958D6 /* AppDelegate.swift */,
				6893F4382BC962D400A958D6 /* AppRouter.swift */,
				6893F4392BC962D400A958D6 /* Constants */,
			);
			path = Application;
			sourceTree = "<group>";
		};
		6893F4392BC962D400A958D6 /* Constants */ = {
			isa = PBXGroup;
			children = (
				6893F43A2BC962D400A958D6 /* AppConstants.swift */,
			);
			path = Constants;
			sourceTree = "<group>";
		};
		6893F4412BC962F100A958D6 /* Common */ = {
			isa = PBXGroup;
			children = (
				6893F4442BC962F100A958D6 /* VIPER */,
				6893F44D2BC962F100A958D6 /* Services */,
			);
			path = Common;
			sourceTree = "<group>";
		};
		6893F4442BC962F100A958D6 /* VIPER */ = {
			isa = PBXGroup;
			children = (
				6893F4452BC962F100A958D6 /* ViperPresenter.swift */,
				6893F4462BC962F100A958D6 /* ViperBuilder.swift */,
				6893F4472BC962F100A958D6 /* ViperRouter.swift */,
				6893F4482BC962F100A958D6 /* ViperInteractor.swift */,
				6893F4492BC962F100A958D6 /* ViperView.swift */,
				6893F44A2BC962F100A958D6 /* ViperViewEventHandler.swift */,
				6893F44B2BC962F100A958D6 /* UIViewController+ViperRouter.swift */,
				6893F44C2BC962F100A958D6 /* ViperWireframe.swift */,
			);
			path = VIPER;
			sourceTree = "<group>";
		};
		6893F44D2BC962F100A958D6 /* Services */ = {
			isa = PBXGroup;
			children = (
				6893F44E2BC962F100A958D6 /* FlickrFiles */,
			);
			path = Services;
			sourceTree = "<group>";
		};
		6893F44E2BC962F100A958D6 /* FlickrFiles */ = {
			isa = PBXGroup;
			children = (
				6893F44F2BC962F100A958D6 /* FlickrSearchResults.swift */,
				6893F4502BC962F100A958D6 /* FlickrPhoto.swift */,
				6893F4512BC962F100A958D6 /* Flickr.swift */,
			);
			path = FlickrFiles;
			sourceTree = "<group>";
		};
		6893F45E2BC9630400A958D6 /* Modules */ = {
			isa = PBXGroup;
			children = (
				6893F45F2BC9630400A958D6 /* Components */,
				6893F4702BC9630400A958D6 /* Views */,
			);
			path = Modules;
			sourceTree = "<group>";
		};
		6893F45F2BC9630400A958D6 /* Components */ = {
			isa = PBXGroup;
			children = (
				6893F4602BC9630400A958D6 /* TimeLineView */,
				6893F4622BC9630400A958D6 /* TriangleView */,
				6893F4642BC9630400A958D6 /* GridCollectionView */,
				6893F4672BC9630400A958D6 /* BubbleView */,
				6893F4692BC9630400A958D6 /* GridCollectionWithInteractView */,
				6893F46C2BC9630400A958D6 /* CategoryView */,
				6893F46E2BC9630400A958D6 /* CardView */,
			);
			path = Components;
			sourceTree = "<group>";
		};
		6893F4602BC9630400A958D6 /* TimeLineView */ = {
			isa = PBXGroup;
			children = (
				6893F4612BC9630400A958D6 /* TimeLineView.swift */,
			);
			path = TimeLineView;
			sourceTree = "<group>";
		};
		6893F4622BC9630400A958D6 /* TriangleView */ = {
			isa = PBXGroup;
			children = (
				6893F4632BC9630400A958D6 /* TriangleView.swift */,
			);
			path = TriangleView;
			sourceTree = "<group>";
		};
		6893F4642BC9630400A958D6 /* GridCollectionView */ = {
			isa = PBXGroup;
			children = (
				6893F4652BC9630400A958D6 /* GridPhotosViewController.swift */,
				6893F4662BC9630400A958D6 /* GridPhotoCell.swift */,
			);
			path = GridCollectionView;
			sourceTree = "<group>";
		};
		6893F4672BC9630400A958D6 /* BubbleView */ = {
			isa = PBXGroup;
			children = (
				6893F4682BC9630400A958D6 /* BubbleView.swift */,
			);
			path = BubbleView;
			sourceTree = "<group>";
		};
		6893F4692BC9630400A958D6 /* GridCollectionWithInteractView */ = {
			isa = PBXGroup;
			children = (
				6893F46A2BC9630400A958D6 /* GridPhotoWithInteractCell.swift */,
				6893F46B2BC9630400A958D6 /* GridPhotosWithInteractViewController.swift */,
			);
			path = GridCollectionWithInteractView;
			sourceTree = "<group>";
		};
		6893F46C2BC9630400A958D6 /* CategoryView */ = {
			isa = PBXGroup;
			children = (
				6893F46D2BC9630400A958D6 /* MyCategoryView.swift */,
			);
			path = CategoryView;
			sourceTree = "<group>";
		};
		6893F46E2BC9630400A958D6 /* CardView */ = {
			isa = PBXGroup;
			children = (
				6893F46F2BC9630400A958D6 /* CarouselCardView.swift */,
			);
			path = CardView;
			sourceTree = "<group>";
		};
		6893F4702BC9630400A958D6 /* Views */ = {
			isa = PBXGroup;
			children = (
				6893F4712BC9630400A958D6 /* DesignCodeApp */,
			);
			path = Views;
			sourceTree = "<group>";
		};
		6893F4712BC9630400A958D6 /* DesignCodeApp */ = {
			isa = PBXGroup;
			children = (
				68E229AD2BD6B9E800A37EDA /* HomePage */,
			);
			path = DesignCodeApp;
			sourceTree = "<group>";
		};
		68E229AD2BD6B9E800A37EDA /* HomePage */ = {
			isa = PBXGroup;
			children = (
				68E229B42BD6B9E800A37EDA /* View */,
				68E229AF2BD6B9E800A37EDA /* Presenter */,
				68E229BA2BD6B9E800A37EDA /* Interactor */,
				68E229B12BD6B9E800A37EDA /* Wireframe */,
				68E229AE2BD6B9E800A37EDA /* DesignCodeAppHomePageRouter.swift */,
				68E229B92BD6B9E800A37EDA /* DesignCodeAppHomePageBuilder.swift */,
			);
			path = HomePage;
			sourceTree = "<group>";
		};
		68E229AF2BD6B9E800A37EDA /* Presenter */ = {
			isa = PBXGroup;
			children = (
				68E229B02BD6B9E800A37EDA /* DesignCodeAppHomePagePresenter.swift */,
			);
			path = Presenter;
			sourceTree = "<group>";
		};
		68E229B12BD6B9E800A37EDA /* Wireframe */ = {
			isa = PBXGroup;
			children = (
				68E229B22BD6B9E800A37EDA /* DesignCodeAppHomePageWireframe.swift */,
			);
			path = Wireframe;
			sourceTree = "<group>";
		};
		68E229B42BD6B9E800A37EDA /* View */ = {
			isa = PBXGroup;
			children = (
				68E229CA2BD76DAC00A37EDA /* HeroView.swift */,
				68E229CC2BD76DBA00A37EDA /* BookView.swift */,
				68E229B72BD6B9E800A37EDA /* DesignCodeAppHomePageViewController.swift */,
				68E229B52BD6B9E800A37EDA /* DesignCodeAppHomePageViewDataSource.swift */,
				68E229B82BD6B9E800A37EDA /* DesignCodeAppHomePageViewEventHandler.swift */,
			);
			path = View;
			sourceTree = "<group>";
		};
		68E229BA2BD6B9E800A37EDA /* Interactor */ = {
			isa = PBXGroup;
			children = (
				68E229BC2BD6B9E800A37EDA /* DesignCodeAppHomePageInteractor.swift */,
				68E229BD2BD6B9E800A37EDA /* DesignCodeAppHomePageDataSource.swift */,
			);
			path = Interactor;
			sourceTree = "<group>";
		};
/* End PBXGroup section */

/* Begin PBXNativeTarget section */
		6893F4022BC9622A00A958D6 /* UIKitDesignLibrary */ = {
			isa = PBXNativeTarget;
			buildConfigurationList = 6893F42D2BC9622C00A958D6 /* Build configuration list for PBXNativeTarget "UIKitDesignLibrary" */;
			buildPhases = (
				5661EF5149C6633016B7F82F /* [CP] Check Pods Manifest.lock */,
				6893F3FF2BC9622A00A958D6 /* Sources */,
				6893F4002BC9622A00A958D6 /* Frameworks */,
				6893F4012BC9622A00A958D6 /* Resources */,
				7CBF5ABD67A2CEEFAE468941 /* [CP] Embed Pods Frameworks */,
			);
			buildRules = (
			);
			dependencies = (
			);
			name = UIKitDesignLibrary;
			productName = UIKitDesignLibrary;
			productReference = 6893F4032BC9622A00A958D6 /* UIKitDesignLibrary.app */;
			productType = "com.apple.product-type.application";
		};
		6893F4182BC9622C00A958D6 /* UIKitDesignLibraryTests */ = {
			isa = PBXNativeTarget;
			buildConfigurationList = 6893F4302BC9622C00A958D6 /* Build configuration list for PBXNativeTarget "UIKitDesignLibraryTests" */;
			buildPhases = (
				27A9562E7940637920208E09 /* [CP] Check Pods Manifest.lock */,
				6893F4152BC9622C00A958D6 /* Sources */,
				6893F4162BC9622C00A958D6 /* Frameworks */,
				6893F4172BC9622C00A958D6 /* Resources */,
			);
			buildRules = (
			);
			dependencies = (
				6893F41B2BC9622C00A958D6 /* PBXTargetDependency */,
			);
			name = UIKitDesignLibraryTests;
			productName = UIKitDesignLibraryTests;
			productReference = 6893F4192BC9622C00A958D6 /* UIKitDesignLibraryTests.xctest */;
			productType = "com.apple.product-type.bundle.unit-test";
		};
		6893F4222BC9622C00A958D6 /* UIKitDesignLibraryUITests */ = {
			isa = PBXNativeTarget;
			buildConfigurationList = 6893F4332BC9622C00A958D6 /* Build configuration list for PBXNativeTarget "UIKitDesignLibraryUITests" */;
			buildPhases = (
				85253A8ECC572C3F78568DBD /* [CP] Check Pods Manifest.lock */,
				6893F41F2BC9622C00A958D6 /* Sources */,
				6893F4202BC9622C00A958D6 /* Frameworks */,
				6893F4212BC9622C00A958D6 /* Resources */,
				516735BF7020B4E2080D6786 /* [CP] Embed Pods Frameworks */,
			);
			buildRules = (
			);
			dependencies = (
				6893F4252BC9622C00A958D6 /* PBXTargetDependency */,
			);
			name = UIKitDesignLibraryUITests;
			productName = UIKitDesignLibraryUITests;
			productReference = 6893F4232BC9622C00A958D6 /* UIKitDesignLibraryUITests.xctest */;
			productType = "com.apple.product-type.bundle.ui-testing";
		};
/* End PBXNativeTarget section */

/* Begin PBXProject section */
		6893F3FB2BC9622A00A958D6 /* Project object */ = {
			isa = PBXProject;
			attributes = {
				BuildIndependentTargetsInParallel = 1;
				LastSwiftUpdateCheck = 1520;
				LastUpgradeCheck = 1520;
				TargetAttributes = {
					6893F4022BC9622A00A958D6 = {
						CreatedOnToolsVersion = 15.2;
					};
					6893F4182BC9622C00A958D6 = {
						CreatedOnToolsVersion = 15.2;
						TestTargetID = 6893F4022BC9622A00A958D6;
					};
					6893F4222BC9622C00A958D6 = {
						CreatedOnToolsVersion = 15.2;
						TestTargetID = 6893F4022BC9622A00A958D6;
					};
				};
			};
			buildConfigurationList = 6893F3FE2BC9622A00A958D6 /* Build configuration list for PBXProject "UIKitDesignLibrary" */;
			compatibilityVersion = "Xcode 14.0";
			developmentRegion = en;
			hasScannedForEncodings = 0;
			knownRegions = (
				en,
				Base,
			);
			mainGroup = 6893F3FA2BC9622A00A958D6;
			productRefGroup = 6893F4042BC9622A00A958D6 /* Products */;
			projectDirPath = "";
			projectRoot = "";
			targets = (
				6893F4022BC9622A00A958D6 /* UIKitDesignLibrary */,
				6893F4182BC9622C00A958D6 /* UIKitDesignLibraryTests */,
				6893F4222BC9622C00A958D6 /* UIKitDesignLibraryUITests */,
			);
		};
/* End PBXProject section */

/* Begin PBXResourcesBuildPhase section */
		6893F4012BC9622A00A958D6 /* Resources */ = {
			isa = PBXResourcesBuildPhase;
			buildActionMask = 2147483647;
			files = (
				6893F4132BC9622C00A958D6 /* LaunchScreen.storyboard in Resources */,
				6893F4102BC9622C00A958D6 /* Assets.xcassets in Resources */,
			);
			runOnlyForDeploymentPostprocessing = 0;
		};
		6893F4172BC9622C00A958D6 /* Resources */ = {
			isa = PBXResourcesBuildPhase;
			buildActionMask = 2147483647;
			files = (
			);
			runOnlyForDeploymentPostprocessing = 0;
		};
		6893F4212BC9622C00A958D6 /* Resources */ = {
			isa = PBXResourcesBuildPhase;
			buildActionMask = 2147483647;
			files = (
			);
			runOnlyForDeploymentPostprocessing = 0;
		};
/* End PBXResourcesBuildPhase section */

/* Begin PBXShellScriptBuildPhase section */
		27A9562E7940637920208E09 /* [CP] Check Pods Manifest.lock */ = {
			isa = PBXShellScriptBuildPhase;
			buildActionMask = 2147483647;
			files = (
			);
			inputFileListPaths = (
			);
			inputPaths = (
				"${PODS_PODFILE_DIR_PATH}/Podfile.lock",
				"${PODS_ROOT}/Manifest.lock",
			);
			name = "[CP] Check Pods Manifest.lock";
			outputFileListPaths = (
			);
			outputPaths = (
				"$(DERIVED_FILE_DIR)/Pods-UIKitDesignLibraryTests-checkManifestLockResult.txt",
			);
			runOnlyForDeploymentPostprocessing = 0;
			shellPath = /bin/sh;
			shellScript = "diff \"${PODS_PODFILE_DIR_PATH}/Podfile.lock\" \"${PODS_ROOT}/Manifest.lock\" > /dev/null\nif [ $? != 0 ] ; then\n    # print error to STDERR\n    echo \"error: The sandbox is not in sync with the Podfile.lock. Run 'pod install' or update your CocoaPods installation.\" >&2\n    exit 1\nfi\n# This output is used by Xcode 'outputs' to avoid re-running this script phase.\necho \"SUCCESS\" > \"${SCRIPT_OUTPUT_FILE_0}\"\n";
			showEnvVarsInLog = 0;
		};
		516735BF7020B4E2080D6786 /* [CP] Embed Pods Frameworks */ = {
			isa = PBXShellScriptBuildPhase;
			buildActionMask = 2147483647;
			files = (
			);
			inputFileListPaths = (
				"${PODS_ROOT}/Target Support Files/Pods-UIKitDesignLibrary-UIKitDesignLibraryUITests/Pods-UIKitDesignLibrary-UIKitDesignLibraryUITests-frameworks-${CONFIGURATION}-input-files.xcfilelist",
			);
			name = "[CP] Embed Pods Frameworks";
			outputFileListPaths = (
				"${PODS_ROOT}/Target Support Files/Pods-UIKitDesignLibrary-UIKitDesignLibraryUITests/Pods-UIKitDesignLibrary-UIKitDesignLibraryUITests-frameworks-${CONFIGURATION}-output-files.xcfilelist",
			);
			runOnlyForDeploymentPostprocessing = 0;
			shellPath = /bin/sh;
			shellScript = "\"${PODS_ROOT}/Target Support Files/Pods-UIKitDesignLibrary-UIKitDesignLibraryUITests/Pods-UIKitDesignLibrary-UIKitDesignLibraryUITests-frameworks.sh\"\n";
			showEnvVarsInLog = 0;
		};
		5661EF5149C6633016B7F82F /* [CP] Check Pods Manifest.lock */ = {
			isa = PBXShellScriptBuildPhase;
			buildActionMask = 2147483647;
			files = (
			);
			inputFileListPaths = (
			);
			inputPaths = (
				"${PODS_PODFILE_DIR_PATH}/Podfile.lock",
				"${PODS_ROOT}/Manifest.lock",
			);
			name = "[CP] Check Pods Manifest.lock";
			outputFileListPaths = (
			);
			outputPaths = (
				"$(DERIVED_FILE_DIR)/Pods-UIKitDesignLibrary-checkManifestLockResult.txt",
			);
			runOnlyForDeploymentPostprocessing = 0;
			shellPath = /bin/sh;
			shellScript = "diff \"${PODS_PODFILE_DIR_PATH}/Podfile.lock\" \"${PODS_ROOT}/Manifest.lock\" > /dev/null\nif [ $? != 0 ] ; then\n    # print error to STDERR\n    echo \"error: The sandbox is not in sync with the Podfile.lock. Run 'pod install' or update your CocoaPods installation.\" >&2\n    exit 1\nfi\n# This output is used by Xcode 'outputs' to avoid re-running this script phase.\necho \"SUCCESS\" > \"${SCRIPT_OUTPUT_FILE_0}\"\n";
			showEnvVarsInLog = 0;
		};
		7CBF5ABD67A2CEEFAE468941 /* [CP] Embed Pods Frameworks */ = {
			isa = PBXShellScriptBuildPhase;
			buildActionMask = 2147483647;
			files = (
			);
			inputFileListPaths = (
				"${PODS_ROOT}/Target Support Files/Pods-UIKitDesignLibrary/Pods-UIKitDesignLibrary-frameworks-${CONFIGURATION}-input-files.xcfilelist",
			);
			name = "[CP] Embed Pods Frameworks";
			outputFileListPaths = (
				"${PODS_ROOT}/Target Support Files/Pods-UIKitDesignLibrary/Pods-UIKitDesignLibrary-frameworks-${CONFIGURATION}-output-files.xcfilelist",
			);
			runOnlyForDeploymentPostprocessing = 0;
			shellPath = /bin/sh;
			shellScript = "\"${PODS_ROOT}/Target Support Files/Pods-UIKitDesignLibrary/Pods-UIKitDesignLibrary-frameworks.sh\"\n";
			showEnvVarsInLog = 0;
		};
		85253A8ECC572C3F78568DBD /* [CP] Check Pods Manifest.lock */ = {
			isa = PBXShellScriptBuildPhase;
			buildActionMask = 2147483647;
			files = (
			);
			inputFileListPaths = (
			);
			inputPaths = (
				"${PODS_PODFILE_DIR_PATH}/Podfile.lock",
				"${PODS_ROOT}/Manifest.lock",
			);
			name = "[CP] Check Pods Manifest.lock";
			outputFileListPaths = (
			);
			outputPaths = (
				"$(DERIVED_FILE_DIR)/Pods-UIKitDesignLibrary-UIKitDesignLibraryUITests-checkManifestLockResult.txt",
			);
			runOnlyForDeploymentPostprocessing = 0;
			shellPath = /bin/sh;
			shellScript = "diff \"${PODS_PODFILE_DIR_PATH}/Podfile.lock\" \"${PODS_ROOT}/Manifest.lock\" > /dev/null\nif [ $? != 0 ] ; then\n    # print error to STDERR\n    echo \"error: The sandbox is not in sync with the Podfile.lock. Run 'pod install' or update your CocoaPods installation.\" >&2\n    exit 1\nfi\n# This output is used by Xcode 'outputs' to avoid re-running this script phase.\necho \"SUCCESS\" > \"${SCRIPT_OUTPUT_FILE_0}\"\n";
			showEnvVarsInLog = 0;
		};
/* End PBXShellScriptBuildPhase section */

/* Begin PBXSourcesBuildPhase section */
		6893F3FF2BC9622A00A958D6 /* Sources */ = {
			isa = PBXSourcesBuildPhase;
			buildActionMask = 2147483647;
			files = (
				6893F4822BC9630400A958D6 /* BubbleView.swift in Sources */,
				68E229C02BD6B9E800A37EDA /* DesignCodeAppHomePageWireframe.swift in Sources */,
				6893F4862BC9630400A958D6 /* CarouselCardView.swift in Sources */,
				68E229C92BD6B9E800A37EDA /* DesignCodeAppHomePageDataSource.swift in Sources */,
				68E229C22BD6B9E800A37EDA /* DesignCodeAppHomePageViewDataSource.swift in Sources */,
				6893F43D2BC962D400A958D6 /* AppRouter.swift in Sources */,
				68E229CB2BD76DAC00A37EDA /* HeroView.swift in Sources */,
				68E229C42BD6B9E800A37EDA /* DesignCodeAppHomePageViewController.swift in Sources */,
				68E229BF2BD6B9E800A37EDA /* DesignCodeAppHomePagePresenter.swift in Sources */,
				6893F47E2BC9630400A958D6 /* TimeLineView.swift in Sources */,
				6893F4572BC962F100A958D6 /* ViperView.swift in Sources */,
				6893F4542BC962F100A958D6 /* ViperBuilder.swift in Sources */,
				6893F4072BC9622A00A958D6 /* AppDelegate.swift in Sources */,
				6893F4562BC962F100A958D6 /* ViperInteractor.swift in Sources */,
				6893F45B2BC962F100A958D6 /* FlickrSearchResults.swift in Sources */,
				6893F4852BC9630400A958D6 /* MyCategoryView.swift in Sources */,
				6893F4582BC962F100A958D6 /* ViperViewEventHandler.swift in Sources */,
				68E229C82BD6B9E800A37EDA /* DesignCodeAppHomePageInteractor.swift in Sources */,
				6893F47F2BC9630400A958D6 /* TriangleView.swift in Sources */,
				68E229CD2BD76DBA00A37EDA /* BookView.swift in Sources */,
				6893F4802BC9630400A958D6 /* GridPhotosViewController.swift in Sources */,
				6893F4092BC9622A00A958D6 /* SceneDelegate.swift in Sources */,
				6893F45D2BC962F100A958D6 /* Flickr.swift in Sources */,
				6893F4812BC9630400A958D6 /* GridPhotoCell.swift in Sources */,
				6893F4832BC9630400A958D6 /* GridPhotoWithInteractCell.swift in Sources */,
				68E229BE2BD6B9E800A37EDA /* DesignCodeAppHomePageRouter.swift in Sources */,
				6893F4842BC9630400A958D6 /* GridPhotosWithInteractViewController.swift in Sources */,
				6893F4532BC962F100A958D6 /* ViperPresenter.swift in Sources */,
				6893F45A2BC962F100A958D6 /* ViperWireframe.swift in Sources */,
				6893F4592BC962F100A958D6 /* UIViewController+ViperRouter.swift in Sources */,
				6893F4552BC962F100A958D6 /* ViperRouter.swift in Sources */,
				6893F45C2BC962F100A958D6 /* FlickrPhoto.swift in Sources */,
				68E229C52BD6B9E800A37EDA /* DesignCodeAppHomePageViewEventHandler.swift in Sources */,
				6893F43E2BC962D400A958D6 /* AppConstants.swift in Sources */,
				68E229C62BD6B9E800A37EDA /* DesignCodeAppHomePageBuilder.swift in Sources */,
			);
			runOnlyForDeploymentPostprocessing = 0;
		};
		6893F4152BC9622C00A958D6 /* Sources */ = {
			isa = PBXSourcesBuildPhase;
			buildActionMask = 2147483647;
			files = (
				6893F41E2BC9622C00A958D6 /* UIKitDesignLibraryTests.swift in Sources */,
			);
			runOnlyForDeploymentPostprocessing = 0;
		};
		6893F41F2BC9622C00A958D6 /* Sources */ = {
			isa = PBXSourcesBuildPhase;
			buildActionMask = 2147483647;
			files = (
				6893F4282BC9622C00A958D6 /* UIKitDesignLibraryUITests.swift in Sources */,
				6893F42A2BC9622C00A958D6 /* UIKitDesignLibraryUITestsLaunchTests.swift in Sources */,
			);
			runOnlyForDeploymentPostprocessing = 0;
		};
/* End PBXSourcesBuildPhase section */

/* Begin PBXTargetDependency section */
		6893F41B2BC9622C00A958D6 /* PBXTargetDependency */ = {
			isa = PBXTargetDependency;
			target = 6893F4022BC9622A00A958D6 /* UIKitDesignLibrary */;
			targetProxy = 6893F41A2BC9622C00A958D6 /* PBXContainerItemProxy */;
		};
		6893F4252BC9622C00A958D6 /* PBXTargetDependency */ = {
			isa = PBXTargetDependency;
			target = 6893F4022BC9622A00A958D6 /* UIKitDesignLibrary */;
			targetProxy = 6893F4242BC9622C00A958D6 /* PBXContainerItemProxy */;
		};
/* End PBXTargetDependency section */

/* Begin PBXVariantGroup section */
		6893F4112BC9622C00A958D6 /* LaunchScreen.storyboard */ = {
			isa = PBXVariantGroup;
			children = (
				6893F4122BC9622C00A958D6 /* Base */,
			);
			name = LaunchScreen.storyboard;
			sourceTree = "<group>";
		};
/* End PBXVariantGroup section */

/* Begin XCBuildConfiguration section */
		6893F42B2BC9622C00A958D6 /* Debug */ = {
			isa = XCBuildConfiguration;
			buildSettings = {
				ALWAYS_SEARCH_USER_PATHS = NO;
				ASSETCATALOG_COMPILER_GENERATE_SWIFT_ASSET_SYMBOL_EXTENSIONS = YES;
				CLANG_ANALYZER_NONNULL = YES;
				CLANG_ANALYZER_NUMBER_OBJECT_CONVERSION = YES_AGGRESSIVE;
				CLANG_CXX_LANGUAGE_STANDARD = "gnu++20";
				CLANG_ENABLE_MODULES = YES;
				CLANG_ENABLE_OBJC_ARC = YES;
				CLANG_ENABLE_OBJC_WEAK = YES;
				CLANG_WARN_BLOCK_CAPTURE_AUTORELEASING = YES;
				CLANG_WARN_BOOL_CONVERSION = YES;
				CLANG_WARN_COMMA = YES;
				CLANG_WARN_CONSTANT_CONVERSION = YES;
				CLANG_WARN_DEPRECATED_OBJC_IMPLEMENTATIONS = YES;
				CLANG_WARN_DIRECT_OBJC_ISA_USAGE = YES_ERROR;
				CLANG_WARN_DOCUMENTATION_COMMENTS = YES;
				CLANG_WARN_EMPTY_BODY = YES;
				CLANG_WARN_ENUM_CONVERSION = YES;
				CLANG_WARN_INFINITE_RECURSION = YES;
				CLANG_WARN_INT_CONVERSION = YES;
				CLANG_WARN_NON_LITERAL_NULL_CONVERSION = YES;
				CLANG_WARN_OBJC_IMPLICIT_RETAIN_SELF = YES;
				CLANG_WARN_OBJC_LITERAL_CONVERSION = YES;
				CLANG_WARN_OBJC_ROOT_CLASS = YES_ERROR;
				CLANG_WARN_QUOTED_INCLUDE_IN_FRAMEWORK_HEADER = YES;
				CLANG_WARN_RANGE_LOOP_ANALYSIS = YES;
				CLANG_WARN_STRICT_PROTOTYPES = YES;
				CLANG_WARN_SUSPICIOUS_MOVE = YES;
				CLANG_WARN_UNGUARDED_AVAILABILITY = YES_AGGRESSIVE;
				CLANG_WARN_UNREACHABLE_CODE = YES;
				CLANG_WARN__DUPLICATE_METHOD_MATCH = YES;
				COPY_PHASE_STRIP = NO;
				DEBUG_INFORMATION_FORMAT = dwarf;
				ENABLE_STRICT_OBJC_MSGSEND = YES;
				ENABLE_TESTABILITY = YES;
				ENABLE_USER_SCRIPT_SANDBOXING = YES;
				GCC_C_LANGUAGE_STANDARD = gnu17;
				GCC_DYNAMIC_NO_PIC = NO;
				GCC_NO_COMMON_BLOCKS = YES;
				GCC_OPTIMIZATION_LEVEL = 0;
				GCC_PREPROCESSOR_DEFINITIONS = (
					"DEBUG=1",
					"$(inherited)",
				);
				GCC_WARN_64_TO_32_BIT_CONVERSION = YES;
				GCC_WARN_ABOUT_RETURN_TYPE = YES_ERROR;
				GCC_WARN_UNDECLARED_SELECTOR = YES;
				GCC_WARN_UNINITIALIZED_AUTOS = YES_AGGRESSIVE;
				GCC_WARN_UNUSED_FUNCTION = YES;
				GCC_WARN_UNUSED_VARIABLE = YES;
				IPHONEOS_DEPLOYMENT_TARGET = 17.2;
				LOCALIZATION_PREFERS_STRING_CATALOGS = YES;
				MTL_ENABLE_DEBUG_INFO = INCLUDE_SOURCE;
				MTL_FAST_MATH = YES;
				ONLY_ACTIVE_ARCH = YES;
				SDKROOT = iphoneos;
				SWIFT_ACTIVE_COMPILATION_CONDITIONS = "DEBUG $(inherited)";
				SWIFT_OPTIMIZATION_LEVEL = "-Onone";
			};
			name = Debug;
		};
		6893F42C2BC9622C00A958D6 /* Release */ = {
			isa = XCBuildConfiguration;
			buildSettings = {
				ALWAYS_SEARCH_USER_PATHS = NO;
				ASSETCATALOG_COMPILER_GENERATE_SWIFT_ASSET_SYMBOL_EXTENSIONS = YES;
				CLANG_ANALYZER_NONNULL = YES;
				CLANG_ANALYZER_NUMBER_OBJECT_CONVERSION = YES_AGGRESSIVE;
				CLANG_CXX_LANGUAGE_STANDARD = "gnu++20";
				CLANG_ENABLE_MODULES = YES;
				CLANG_ENABLE_OBJC_ARC = YES;
				CLANG_ENABLE_OBJC_WEAK = YES;
				CLANG_WARN_BLOCK_CAPTURE_AUTORELEASING = YES;
				CLANG_WARN_BOOL_CONVERSION = YES;
				CLANG_WARN_COMMA = YES;
				CLANG_WARN_CONSTANT_CONVERSION = YES;
				CLANG_WARN_DEPRECATED_OBJC_IMPLEMENTATIONS = YES;
				CLANG_WARN_DIRECT_OBJC_ISA_USAGE = YES_ERROR;
				CLANG_WARN_DOCUMENTATION_COMMENTS = YES;
				CLANG_WARN_EMPTY_BODY = YES;
				CLANG_WARN_ENUM_CONVERSION = YES;
				CLANG_WARN_INFINITE_RECURSION = YES;
				CLANG_WARN_INT_CONVERSION = YES;
				CLANG_WARN_NON_LITERAL_NULL_CONVERSION = YES;
				CLANG_WARN_OBJC_IMPLICIT_RETAIN_SELF = YES;
				CLANG_WARN_OBJC_LITERAL_CONVERSION = YES;
				CLANG_WARN_OBJC_ROOT_CLASS = YES_ERROR;
				CLANG_WARN_QUOTED_INCLUDE_IN_FRAMEWORK_HEADER = YES;
				CLANG_WARN_RANGE_LOOP_ANALYSIS = YES;
				CLANG_WARN_STRICT_PROTOTYPES = YES;
				CLANG_WARN_SUSPICIOUS_MOVE = YES;
				CLANG_WARN_UNGUARDED_AVAILABILITY = YES_AGGRESSIVE;
				CLANG_WARN_UNREACHABLE_CODE = YES;
				CLANG_WARN__DUPLICATE_METHOD_MATCH = YES;
				COPY_PHASE_STRIP = NO;
				DEBUG_INFORMATION_FORMAT = "dwarf-with-dsym";
				ENABLE_NS_ASSERTIONS = NO;
				ENABLE_STRICT_OBJC_MSGSEND = YES;
				ENABLE_USER_SCRIPT_SANDBOXING = YES;
				GCC_C_LANGUAGE_STANDARD = gnu17;
				GCC_NO_COMMON_BLOCKS = YES;
				GCC_WARN_64_TO_32_BIT_CONVERSION = YES;
				GCC_WARN_ABOUT_RETURN_TYPE = YES_ERROR;
				GCC_WARN_UNDECLARED_SELECTOR = YES;
				GCC_WARN_UNINITIALIZED_AUTOS = YES_AGGRESSIVE;
				GCC_WARN_UNUSED_FUNCTION = YES;
				GCC_WARN_UNUSED_VARIABLE = YES;
				IPHONEOS_DEPLOYMENT_TARGET = 17.2;
				LOCALIZATION_PREFERS_STRING_CATALOGS = YES;
				MTL_ENABLE_DEBUG_INFO = NO;
				MTL_FAST_MATH = YES;
				SDKROOT = iphoneos;
				SWIFT_COMPILATION_MODE = wholemodule;
				VALIDATE_PRODUCT = YES;
			};
			name = Release;
		};
		6893F42E2BC9622C00A958D6 /* Debug */ = {
			isa = XCBuildConfiguration;
			baseConfigurationReference = AE69D00BCE61742585FBFF61 /* Pods-UIKitDesignLibrary.debug.xcconfig */;
			buildSettings = {
				ASSETCATALOG_COMPILER_APPICON_NAME = AppIcon;
				ASSETCATALOG_COMPILER_GLOBAL_ACCENT_COLOR_NAME = AccentColor;
				CODE_SIGN_STYLE = Automatic;
				CURRENT_PROJECT_VERSION = 1;
				ENABLE_USER_SCRIPT_SANDBOXING = NO;
				GENERATE_INFOPLIST_FILE = YES;
				INFOPLIST_FILE = UIKitDesignLibrary/Info.plist;
				INFOPLIST_KEY_UIApplicationSupportsIndirectInputEvents = YES;
				INFOPLIST_KEY_UILaunchStoryboardName = LaunchScreen;
				INFOPLIST_KEY_UIMainStoryboardFile = "";
				INFOPLIST_KEY_UISupportedInterfaceOrientations_iPad = "UIInterfaceOrientationPortrait UIInterfaceOrientationPortraitUpsideDown UIInterfaceOrientationLandscapeLeft UIInterfaceOrientationLandscapeRight";
				INFOPLIST_KEY_UISupportedInterfaceOrientations_iPhone = "UIInterfaceOrientationPortrait UIInterfaceOrientationLandscapeLeft UIInterfaceOrientationLandscapeRight";
				IPHONEOS_DEPLOYMENT_TARGET = 13.6;
				LD_RUNPATH_SEARCH_PATHS = (
					"$(inherited)",
					"@executable_path/Frameworks",
				);
				MARKETING_VERSION = 1.0;
				PRODUCT_BUNDLE_IDENTIFIER = Charvin.UIKitDesignLibrary;
				PRODUCT_NAME = "$(TARGET_NAME)";
				SWIFT_EMIT_LOC_STRINGS = YES;
				SWIFT_VERSION = 5.0;
				TARGETED_DEVICE_FAMILY = "1,2";
			};
			name = Debug;
		};
		6893F42F2BC9622C00A958D6 /* Release */ = {
			isa = XCBuildConfiguration;
			baseConfigurationReference = ABF2190AE2A1FE264AEB6C05 /* Pods-UIKitDesignLibrary.release.xcconfig */;
			buildSettings = {
				ASSETCATALOG_COMPILER_APPICON_NAME = AppIcon;
				ASSETCATALOG_COMPILER_GLOBAL_ACCENT_COLOR_NAME = AccentColor;
				CODE_SIGN_STYLE = Automatic;
				CURRENT_PROJECT_VERSION = 1;
				ENABLE_USER_SCRIPT_SANDBOXING = NO;
				GENERATE_INFOPLIST_FILE = YES;
				INFOPLIST_FILE = UIKitDesignLibrary/Info.plist;
				INFOPLIST_KEY_UIApplicationSupportsIndirectInputEvents = YES;
				INFOPLIST_KEY_UILaunchStoryboardName = LaunchScreen;
				INFOPLIST_KEY_UIMainStoryboardFile = "";
				INFOPLIST_KEY_UISupportedInterfaceOrientations_iPad = "UIInterfaceOrientationPortrait UIInterfaceOrientationPortraitUpsideDown UIInterfaceOrientationLandscapeLeft UIInterfaceOrientationLandscapeRight";
				INFOPLIST_KEY_UISupportedInterfaceOrientations_iPhone = "UIInterfaceOrientationPortrait UIInterfaceOrientationLandscapeLeft UIInterfaceOrientationLandscapeRight";
				IPHONEOS_DEPLOYMENT_TARGET = 13.6;
				LD_RUNPATH_SEARCH_PATHS = (
					"$(inherited)",
					"@executable_path/Frameworks",
				);
				MARKETING_VERSION = 1.0;
				PRODUCT_BUNDLE_IDENTIFIER = Charvin.UIKitDesignLibrary;
				PRODUCT_NAME = "$(TARGET_NAME)";
				SWIFT_EMIT_LOC_STRINGS = YES;
				SWIFT_VERSION = 5.0;
				TARGETED_DEVICE_FAMILY = "1,2";
			};
			name = Release;
		};
		6893F4312BC9622C00A958D6 /* Debug */ = {
			isa = XCBuildConfiguration;
			baseConfigurationReference = E580C1AF056300718DB7EEA6 /* Pods-UIKitDesignLibraryTests.debug.xcconfig */;
			buildSettings = {
				ALWAYS_EMBED_SWIFT_STANDARD_LIBRARIES = YES;
				BUNDLE_LOADER = "$(TEST_HOST)";
				CODE_SIGN_STYLE = Automatic;
				CURRENT_PROJECT_VERSION = 1;
				GENERATE_INFOPLIST_FILE = YES;
				IPHONEOS_DEPLOYMENT_TARGET = 17.2;
				MARKETING_VERSION = 1.0;
				PRODUCT_BUNDLE_IDENTIFIER = Charvin.UIKitDesignLibraryTests;
				PRODUCT_NAME = "$(TARGET_NAME)";
				SWIFT_EMIT_LOC_STRINGS = NO;
				SWIFT_VERSION = 5.0;
				TARGETED_DEVICE_FAMILY = "1,2";
				TEST_HOST = "$(BUILT_PRODUCTS_DIR)/UIKitDesignLibrary.app/$(BUNDLE_EXECUTABLE_FOLDER_PATH)/UIKitDesignLibrary";
			};
			name = Debug;
		};
		6893F4322BC9622C00A958D6 /* Release */ = {
			isa = XCBuildConfiguration;
			baseConfigurationReference = 92B83528D811DBF85508B635 /* Pods-UIKitDesignLibraryTests.release.xcconfig */;
			buildSettings = {
				ALWAYS_EMBED_SWIFT_STANDARD_LIBRARIES = YES;
				BUNDLE_LOADER = "$(TEST_HOST)";
				CODE_SIGN_STYLE = Automatic;
				CURRENT_PROJECT_VERSION = 1;
				GENERATE_INFOPLIST_FILE = YES;
				IPHONEOS_DEPLOYMENT_TARGET = 17.2;
				MARKETING_VERSION = 1.0;
				PRODUCT_BUNDLE_IDENTIFIER = Charvin.UIKitDesignLibraryTests;
				PRODUCT_NAME = "$(TARGET_NAME)";
				SWIFT_EMIT_LOC_STRINGS = NO;
				SWIFT_VERSION = 5.0;
				TARGETED_DEVICE_FAMILY = "1,2";
				TEST_HOST = "$(BUILT_PRODUCTS_DIR)/UIKitDesignLibrary.app/$(BUNDLE_EXECUTABLE_FOLDER_PATH)/UIKitDesignLibrary";
			};
			name = Release;
		};
		6893F4342BC9622C00A958D6 /* Debug */ = {
			isa = XCBuildConfiguration;
			baseConfigurationReference = ECC5D343E4D4315D27033F87 /* Pods-UIKitDesignLibrary-UIKitDesignLibraryUITests.debug.xcconfig */;
			buildSettings = {
				ALWAYS_EMBED_SWIFT_STANDARD_LIBRARIES = YES;
				CODE_SIGN_STYLE = Automatic;
				CURRENT_PROJECT_VERSION = 1;
				GENERATE_INFOPLIST_FILE = YES;
				MARKETING_VERSION = 1.0;
				PRODUCT_BUNDLE_IDENTIFIER = Charvin.UIKitDesignLibraryUITests;
				PRODUCT_NAME = "$(TARGET_NAME)";
				SWIFT_EMIT_LOC_STRINGS = NO;
				SWIFT_VERSION = 5.0;
				TARGETED_DEVICE_FAMILY = "1,2";
				TEST_TARGET_NAME = UIKitDesignLibrary;
			};
			name = Debug;
		};
		6893F4352BC9622C00A958D6 /* Release */ = {
			isa = XCBuildConfiguration;
			baseConfigurationReference = F9157F3651EB1E0BA268236A /* Pods-UIKitDesignLibrary-UIKitDesignLibraryUITests.release.xcconfig */;
			buildSettings = {
				ALWAYS_EMBED_SWIFT_STANDARD_LIBRARIES = YES;
				CODE_SIGN_STYLE = Automatic;
				CURRENT_PROJECT_VERSION = 1;
				GENERATE_INFOPLIST_FILE = YES;
				MARKETING_VERSION = 1.0;
				PRODUCT_BUNDLE_IDENTIFIER = Charvin.UIKitDesignLibraryUITests;
				PRODUCT_NAME = "$(TARGET_NAME)";
				SWIFT_EMIT_LOC_STRINGS = NO;
				SWIFT_VERSION = 5.0;
				TARGETED_DEVICE_FAMILY = "1,2";
				TEST_TARGET_NAME = UIKitDesignLibrary;
			};
			name = Release;
		};
/* End XCBuildConfiguration section */

/* Begin XCConfigurationList section */
		6893F3FE2BC9622A00A958D6 /* Build configuration list for PBXProject "UIKitDesignLibrary" */ = {
			isa = XCConfigurationList;
			buildConfigurations = (
				6893F42B2BC9622C00A958D6 /* Debug */,
				6893F42C2BC9622C00A958D6 /* Release */,
			);
			defaultConfigurationIsVisible = 0;
			defaultConfigurationName = Release;
		};
		6893F42D2BC9622C00A958D6 /* Build configuration list for PBXNativeTarget "UIKitDesignLibrary" */ = {
			isa = XCConfigurationList;
			buildConfigurations = (
				6893F42E2BC9622C00A958D6 /* Debug */,
				6893F42F2BC9622C00A958D6 /* Release */,
			);
			defaultConfigurationIsVisible = 0;
			defaultConfigurationName = Release;
		};
		6893F4302BC9622C00A958D6 /* Build configuration list for PBXNativeTarget "UIKitDesignLibraryTests" */ = {
			isa = XCConfigurationList;
			buildConfigurations = (
				6893F4312BC9622C00A958D6 /* Debug */,
				6893F4322BC9622C00A958D6 /* Release */,
			);
			defaultConfigurationIsVisible = 0;
			defaultConfigurationName = Release;
		};
		6893F4332BC9622C00A958D6 /* Build configuration list for PBXNativeTarget "UIKitDesignLibraryUITests" */ = {
			isa = XCConfigurationList;
			buildConfigurations = (
				6893F4342BC9622C00A958D6 /* Debug */,
				6893F4352BC9622C00A958D6 /* Release */,
			);
			defaultConfigurationIsVisible = 0;
			defaultConfigurationName = Release;
		};
/* End XCConfigurationList section */
	};
	rootObject = 6893F3FB2BC9622A00A958D6 /* Project object */;
}
